{
  "requires": true,
  "lockfileVersion": 1,
  "dependencies": {
    "untoasted": {
      "version": "1.0.3",
      "resolved": "https://registry.npmjs.org/untoasted/-/untoasted-1.0.3.tgz",
      "integrity": "sha512-RBLvlDvmRoXUfGKN6WInQfch1cUCkzxnMLE7R5SLat/Zpt6G8MsheW3iiJ6RMGzbWz7JI1ZNWL7krjXKQrJ/Ww=="
    }
  }
}
