{
  "requires": true,
  "lockfileVersion": 1,
  "dependencies": {
    "untoasted": {
      "version": "1.0.2",
      "resolved": "https://registry.npmjs.org/untoasted/-/untoasted-1.0.2.tgz",
      "integrity": "sha512-lb8isLt8pOhGdunL959jl6/3K65Z94/G7SpR6jz9qk6xYNA0czLlOFanmUUgNHD+YKyw+X6bLkhFd2DjXi5mOw=="
    }
  }
}
